
Microsoft Visual Studio Solution File, Format Version 10.00
# Visual Studio 2008
Project("{8BC9CEB8-8B4A-11D0-8D11-00A0C91BC942}") = "OpenGLSketch", "OpenGLSketch.vcproj", "{8B0E2130-ED5A-4F03-AC02-7434B22EE64B}"
EndProject
Global
	GlobalSection(SolutionConfigurationPlatforms) = preSolution
		Debug|Win32 = Debug|Win32
		MinSizeRel|Win32 = MinSizeRel|Win32
		Release|Win32 = Release|Win32
		RelWithDebInfo|Win32 = RelWithDebInfo|Win32
	EndGlobalSection
	GlobalSection(ProjectConfigurationPlatforms) = postSolution
		{8B0E2130-ED5A-4F03-AC02-7434B22EE64B}.Debug|Win32.ActiveCfg = Debug|Win32
		{8B0E2130-ED5A-4F03-AC02-7434B22EE64B}.Debug|Win32.Build.0 = Debug|Win32
		{8B0E2130-ED5A-4F03-AC02-7434B22EE64B}.MinSizeRel|Win32.ActiveCfg = Release|Win32
		{8B0E2130-ED5A-4F03-AC02-7434B22EE64B}.MinSizeRel|Win32.Build.0 = Release|Win32
		{8B0E2130-ED5A-4F03-AC02-7434B22EE64B}.Release|Win32.ActiveCfg = Release|Win32
		{8B0E2130-ED5A-4F03-AC02-7434B22EE64B}.Release|Win32.Build.0 = Release|Win32
		{8B0E2130-ED5A-4F03-AC02-7434B22EE64B}.RelWithDebInfo|Win32.ActiveCfg = Release|Win32
		{8B0E2130-ED5A-4F03-AC02-7434B22EE64B}.RelWithDebInfo|Win32.Build.0 = Release|Win32
	EndGlobalSection
	GlobalSection(SolutionProperties) = preSolution
		HideSolutionNode = FALSE
	EndGlobalSection
EndGlobal
