
Microsoft Visual Studio Solution File, Format Version 10.00
# Visual Studio 2008
Project("{8BC9CEB8-8B4A-11D0-8D11-00A0C91BC942}") = "demoLSD", "demoLSD.vcproj", "{FE6B4E9B-7BDA-428A-B54D-2D29813BFD21}"
EndProject
Global
	GlobalSection(SolutionConfigurationPlatforms) = preSolution
		Debug|Win32 = Debug|Win32
		Release|Win32 = Release|Win32
	EndGlobalSection
	GlobalSection(ProjectConfigurationPlatforms) = postSolution
		{FE6B4E9B-7BDA-428A-B54D-2D29813BFD21}.Debug|Win32.ActiveCfg = Debug|Win32
		{FE6B4E9B-7BDA-428A-B54D-2D29813BFD21}.Debug|Win32.Build.0 = Debug|Win32
		{FE6B4E9B-7BDA-428A-B54D-2D29813BFD21}.Release|Win32.ActiveCfg = Release|Win32
		{FE6B4E9B-7BDA-428A-B54D-2D29813BFD21}.Release|Win32.Build.0 = Release|Win32
	EndGlobalSection
	GlobalSection(SolutionProperties) = preSolution
		HideSolutionNode = FALSE
	EndGlobalSection
EndGlobal
