Microsoft Visual Studio Solution File, Format Version 10.00
# Visual Studio 2008
Project("{8BC9CEB8-8B4A-11D0-8D11-00A0C91BC942}") = "ALL_BUILD", "ALL_BUILD.vcproj", "{AFFC3D3F-8975-40FB-8E9D-C80237F2649E}"
	ProjectSection(ProjectDependencies) = postProject
		{C7BF9292-A6AE-4352-B205-206F38689BFB} = {C7BF9292-A6AE-4352-B205-206F38689BFB}
		{5D9CC3C9-D1FD-47A4-B721-81C2E74E2693} = {5D9CC3C9-D1FD-47A4-B721-81C2E74E2693}
		{98710912-8C5E-4910-8E6C-A195C091BBEC} = {98710912-8C5E-4910-8E6C-A195C091BBEC}
		{2AD60DA8-1240-4E55-814F-0AEDC2931E45} = {2AD60DA8-1240-4E55-814F-0AEDC2931E45}
		{77803306-C8E4-45B1-91CE-9FE033EA9919} = {77803306-C8E4-45B1-91CE-9FE033EA9919}
		{2B849624-8DA3-44E5-9F41-BFD2418B85E0} = {2B849624-8DA3-44E5-9F41-BFD2418B85E0}
		{A9966775-57D3-45E9-AEE4-7EA7A6CCCD9A} = {A9966775-57D3-45E9-AEE4-7EA7A6CCCD9A}
		{C6CCA27C-3FD2-49DE-B856-B803C9241630} = {C6CCA27C-3FD2-49DE-B856-B803C9241630}
		{FE9C928C-6C3C-4EC2-842E-E34695DECB0C} = {FE9C928C-6C3C-4EC2-842E-E34695DECB0C}
		{8E11FC2D-1C48-42EB-A9DE-72CF5F5BFFF0} = {8E11FC2D-1C48-42EB-A9DE-72CF5F5BFFF0}
		{F73DC6C4-19FC-4BD4-89F6-935B3D6EF2E5} = {F73DC6C4-19FC-4BD4-89F6-935B3D6EF2E5}
		{38FDA610-C19C-4C15-9255-C9B887B601FC} = {38FDA610-C19C-4C15-9255-C9B887B601FC}
		{20AAD9EC-5A44-405B-B950-080C23062736} = {20AAD9EC-5A44-405B-B950-080C23062736}
		{648E5BF3-C787-4428-BEAD-BE1157D7D674} = {648E5BF3-C787-4428-BEAD-BE1157D7D674}
		{7A7C10DA-12D5-439C-9CE1-7340FB2B0C00} = {7A7C10DA-12D5-439C-9CE1-7340FB2B0C00}
		{6ABA2721-0CFF-4363-83C2-A91F8C19BE7B} = {6ABA2721-0CFF-4363-83C2-A91F8C19BE7B}
		{0DD9A387-1C07-4396-9147-CB704DC5A619} = {0DD9A387-1C07-4396-9147-CB704DC5A619}
	EndProjectSection
EndProject
Project("{8BC9CEB8-8B4A-11D0-8D11-00A0C91BC942}") = "INSTALL", "INSTALL.vcproj", "{6D2B8FB5-F427-42B2-AE0E-62AEEE6387CC}"
	ProjectSection(ProjectDependencies) = postProject
		{AFFC3D3F-8975-40FB-8E9D-C80237F2649E} = {AFFC3D3F-8975-40FB-8E9D-C80237F2649E}
	EndProjectSection
EndProject
Project("{8BC9CEB8-8B4A-11D0-8D11-00A0C91BC942}") = "PACKAGE", "PACKAGE.vcproj", "{501AEBE5-1E3B-4739-8B84-B80917320709}"
	ProjectSection(ProjectDependencies) = postProject
		{AFFC3D3F-8975-40FB-8E9D-C80237F2649E} = {AFFC3D3F-8975-40FB-8E9D-C80237F2649E}
	EndProjectSection
EndProject
Project("{8BC9CEB8-8B4A-11D0-8D11-00A0C91BC942}") = "ZERO_CHECK", "ZERO_CHECK.vcproj", "{C7BF9292-A6AE-4352-B205-206F38689BFB}"
	ProjectSection(ProjectDependencies) = postProject
	EndProjectSection
EndProject
Project("{8BC9CEB8-8B4A-11D0-8D11-00A0C91BC942}") = "convert_pcd_ascii_binary", "io\tools\convert_pcd_ascii_binary.vcproj", "{5D9CC3C9-D1FD-47A4-B721-81C2E74E2693}"
	ProjectSection(ProjectDependencies) = postProject
		{C7BF9292-A6AE-4352-B205-206F38689BFB} = {C7BF9292-A6AE-4352-B205-206F38689BFB}
		{2AD60DA8-1240-4E55-814F-0AEDC2931E45} = {2AD60DA8-1240-4E55-814F-0AEDC2931E45}
		{A9966775-57D3-45E9-AEE4-7EA7A6CCCD9A} = {A9966775-57D3-45E9-AEE4-7EA7A6CCCD9A}
	EndProjectSection
EndProject
Project("{8BC9CEB8-8B4A-11D0-8D11-00A0C91BC942}") = "pcd_convert_NaN_nan", "io\tools\pcd_convert_NaN_nan.vcproj", "{98710912-8C5E-4910-8E6C-A195C091BBEC}"
	ProjectSection(ProjectDependencies) = postProject
		{C7BF9292-A6AE-4352-B205-206F38689BFB} = {C7BF9292-A6AE-4352-B205-206F38689BFB}
	EndProjectSection
EndProject
Project("{8BC9CEB8-8B4A-11D0-8D11-00A0C91BC942}") = "pcl_common", "common\pcl_common.vcproj", "{2AD60DA8-1240-4E55-814F-0AEDC2931E45}"
	ProjectSection(ProjectDependencies) = postProject
		{C7BF9292-A6AE-4352-B205-206F38689BFB} = {C7BF9292-A6AE-4352-B205-206F38689BFB}
	EndProjectSection
EndProject
Project("{8BC9CEB8-8B4A-11D0-8D11-00A0C91BC942}") = "pcl_features", "features\pcl_features.vcproj", "{77803306-C8E4-45B1-91CE-9FE033EA9919}"
	ProjectSection(ProjectDependencies) = postProject
		{C7BF9292-A6AE-4352-B205-206F38689BFB} = {C7BF9292-A6AE-4352-B205-206F38689BFB}
		{C6CCA27C-3FD2-49DE-B856-B803C9241630} = {C6CCA27C-3FD2-49DE-B856-B803C9241630}
		{8E11FC2D-1C48-42EB-A9DE-72CF5F5BFFF0} = {8E11FC2D-1C48-42EB-A9DE-72CF5F5BFFF0}
		{F73DC6C4-19FC-4BD4-89F6-935B3D6EF2E5} = {F73DC6C4-19FC-4BD4-89F6-935B3D6EF2E5}
		{7A7C10DA-12D5-439C-9CE1-7340FB2B0C00} = {7A7C10DA-12D5-439C-9CE1-7340FB2B0C00}
	EndProjectSection
EndProject
Project("{8BC9CEB8-8B4A-11D0-8D11-00A0C91BC942}") = "pcl_filters", "filters\pcl_filters.vcproj", "{2B849624-8DA3-44E5-9F41-BFD2418B85E0}"
	ProjectSection(ProjectDependencies) = postProject
		{C7BF9292-A6AE-4352-B205-206F38689BFB} = {C7BF9292-A6AE-4352-B205-206F38689BFB}
		{2AD60DA8-1240-4E55-814F-0AEDC2931E45} = {2AD60DA8-1240-4E55-814F-0AEDC2931E45}
		{C6CCA27C-3FD2-49DE-B856-B803C9241630} = {C6CCA27C-3FD2-49DE-B856-B803C9241630}
		{8E11FC2D-1C48-42EB-A9DE-72CF5F5BFFF0} = {8E11FC2D-1C48-42EB-A9DE-72CF5F5BFFF0}
		{648E5BF3-C787-4428-BEAD-BE1157D7D674} = {648E5BF3-C787-4428-BEAD-BE1157D7D674}
		{7A7C10DA-12D5-439C-9CE1-7340FB2B0C00} = {7A7C10DA-12D5-439C-9CE1-7340FB2B0C00}
	EndProjectSection
EndProject
Project("{8BC9CEB8-8B4A-11D0-8D11-00A0C91BC942}") = "pcl_io", "io\pcl_io.vcproj", "{A9966775-57D3-45E9-AEE4-7EA7A6CCCD9A}"
	ProjectSection(ProjectDependencies) = postProject
		{C7BF9292-A6AE-4352-B205-206F38689BFB} = {C7BF9292-A6AE-4352-B205-206F38689BFB}
		{2AD60DA8-1240-4E55-814F-0AEDC2931E45} = {2AD60DA8-1240-4E55-814F-0AEDC2931E45}
	EndProjectSection
EndProject
Project("{8BC9CEB8-8B4A-11D0-8D11-00A0C91BC942}") = "pcl_kdtree", "kdtree\pcl_kdtree.vcproj", "{C6CCA27C-3FD2-49DE-B856-B803C9241630}"
	ProjectSection(ProjectDependencies) = postProject
		{C7BF9292-A6AE-4352-B205-206F38689BFB} = {C7BF9292-A6AE-4352-B205-206F38689BFB}
		{2AD60DA8-1240-4E55-814F-0AEDC2931E45} = {2AD60DA8-1240-4E55-814F-0AEDC2931E45}
	EndProjectSection
EndProject
Project("{8BC9CEB8-8B4A-11D0-8D11-00A0C91BC942}") = "pcl_keypoints", "keypoints\pcl_keypoints.vcproj", "{FE9C928C-6C3C-4EC2-842E-E34695DECB0C}"
	ProjectSection(ProjectDependencies) = postProject
		{C7BF9292-A6AE-4352-B205-206F38689BFB} = {C7BF9292-A6AE-4352-B205-206F38689BFB}
		{77803306-C8E4-45B1-91CE-9FE033EA9919} = {77803306-C8E4-45B1-91CE-9FE033EA9919}
		{2B849624-8DA3-44E5-9F41-BFD2418B85E0} = {2B849624-8DA3-44E5-9F41-BFD2418B85E0}
	EndProjectSection
EndProject
Project("{8BC9CEB8-8B4A-11D0-8D11-00A0C91BC942}") = "pcl_octree", "octree\pcl_octree.vcproj", "{8E11FC2D-1C48-42EB-A9DE-72CF5F5BFFF0}"
	ProjectSection(ProjectDependencies) = postProject
		{C7BF9292-A6AE-4352-B205-206F38689BFB} = {C7BF9292-A6AE-4352-B205-206F38689BFB}
	EndProjectSection
EndProject
Project("{8BC9CEB8-8B4A-11D0-8D11-00A0C91BC942}") = "pcl_range_image", "range_image\pcl_range_image.vcproj", "{F73DC6C4-19FC-4BD4-89F6-935B3D6EF2E5}"
	ProjectSection(ProjectDependencies) = postProject
		{C7BF9292-A6AE-4352-B205-206F38689BFB} = {C7BF9292-A6AE-4352-B205-206F38689BFB}
		{2AD60DA8-1240-4E55-814F-0AEDC2931E45} = {2AD60DA8-1240-4E55-814F-0AEDC2931E45}
	EndProjectSection
EndProject
Project("{8BC9CEB8-8B4A-11D0-8D11-00A0C91BC942}") = "pcl_range_image_border_extractor", "features\pcl_range_image_border_extractor.vcproj", "{38FDA610-C19C-4C15-9255-C9B887B601FC}"
	ProjectSection(ProjectDependencies) = postProject
		{C7BF9292-A6AE-4352-B205-206F38689BFB} = {C7BF9292-A6AE-4352-B205-206F38689BFB}
		{C6CCA27C-3FD2-49DE-B856-B803C9241630} = {C6CCA27C-3FD2-49DE-B856-B803C9241630}
		{8E11FC2D-1C48-42EB-A9DE-72CF5F5BFFF0} = {8E11FC2D-1C48-42EB-A9DE-72CF5F5BFFF0}
		{F73DC6C4-19FC-4BD4-89F6-935B3D6EF2E5} = {F73DC6C4-19FC-4BD4-89F6-935B3D6EF2E5}
		{7A7C10DA-12D5-439C-9CE1-7340FB2B0C00} = {7A7C10DA-12D5-439C-9CE1-7340FB2B0C00}
	EndProjectSection
EndProject
Project("{8BC9CEB8-8B4A-11D0-8D11-00A0C91BC942}") = "pcl_registration", "registration\pcl_registration.vcproj", "{20AAD9EC-5A44-405B-B950-080C23062736}"
	ProjectSection(ProjectDependencies) = postProject
		{C7BF9292-A6AE-4352-B205-206F38689BFB} = {C7BF9292-A6AE-4352-B205-206F38689BFB}
		{77803306-C8E4-45B1-91CE-9FE033EA9919} = {77803306-C8E4-45B1-91CE-9FE033EA9919}
		{C6CCA27C-3FD2-49DE-B856-B803C9241630} = {C6CCA27C-3FD2-49DE-B856-B803C9241630}
		{648E5BF3-C787-4428-BEAD-BE1157D7D674} = {648E5BF3-C787-4428-BEAD-BE1157D7D674}
	EndProjectSection
EndProject
Project("{8BC9CEB8-8B4A-11D0-8D11-00A0C91BC942}") = "pcl_sample_consensus", "sample_consensus\pcl_sample_consensus.vcproj", "{648E5BF3-C787-4428-BEAD-BE1157D7D674}"
	ProjectSection(ProjectDependencies) = postProject
		{C7BF9292-A6AE-4352-B205-206F38689BFB} = {C7BF9292-A6AE-4352-B205-206F38689BFB}
		{2AD60DA8-1240-4E55-814F-0AEDC2931E45} = {2AD60DA8-1240-4E55-814F-0AEDC2931E45}
	EndProjectSection
EndProject
Project("{8BC9CEB8-8B4A-11D0-8D11-00A0C91BC942}") = "pcl_search", "search\pcl_search.vcproj", "{7A7C10DA-12D5-439C-9CE1-7340FB2B0C00}"
	ProjectSection(ProjectDependencies) = postProject
		{C7BF9292-A6AE-4352-B205-206F38689BFB} = {C7BF9292-A6AE-4352-B205-206F38689BFB}
		{2AD60DA8-1240-4E55-814F-0AEDC2931E45} = {2AD60DA8-1240-4E55-814F-0AEDC2931E45}
		{C6CCA27C-3FD2-49DE-B856-B803C9241630} = {C6CCA27C-3FD2-49DE-B856-B803C9241630}
		{8E11FC2D-1C48-42EB-A9DE-72CF5F5BFFF0} = {8E11FC2D-1C48-42EB-A9DE-72CF5F5BFFF0}
	EndProjectSection
EndProject
Project("{8BC9CEB8-8B4A-11D0-8D11-00A0C91BC942}") = "pcl_segmentation", "segmentation\pcl_segmentation.vcproj", "{6ABA2721-0CFF-4363-83C2-A91F8C19BE7B}"
	ProjectSection(ProjectDependencies) = postProject
		{C7BF9292-A6AE-4352-B205-206F38689BFB} = {C7BF9292-A6AE-4352-B205-206F38689BFB}
		{648E5BF3-C787-4428-BEAD-BE1157D7D674} = {648E5BF3-C787-4428-BEAD-BE1157D7D674}
		{7A7C10DA-12D5-439C-9CE1-7340FB2B0C00} = {7A7C10DA-12D5-439C-9CE1-7340FB2B0C00}
	EndProjectSection
EndProject
Project("{8BC9CEB8-8B4A-11D0-8D11-00A0C91BC942}") = "pcl_surface", "surface\pcl_surface.vcproj", "{0DD9A387-1C07-4396-9147-CB704DC5A619}"
	ProjectSection(ProjectDependencies) = postProject
		{C7BF9292-A6AE-4352-B205-206F38689BFB} = {C7BF9292-A6AE-4352-B205-206F38689BFB}
		{2AD60DA8-1240-4E55-814F-0AEDC2931E45} = {2AD60DA8-1240-4E55-814F-0AEDC2931E45}
		{A9966775-57D3-45E9-AEE4-7EA7A6CCCD9A} = {A9966775-57D3-45E9-AEE4-7EA7A6CCCD9A}
		{C6CCA27C-3FD2-49DE-B856-B803C9241630} = {C6CCA27C-3FD2-49DE-B856-B803C9241630}
		{8E11FC2D-1C48-42EB-A9DE-72CF5F5BFFF0} = {8E11FC2D-1C48-42EB-A9DE-72CF5F5BFFF0}
		{7A7C10DA-12D5-439C-9CE1-7340FB2B0C00} = {7A7C10DA-12D5-439C-9CE1-7340FB2B0C00}
	EndProjectSection
EndProject
Project("{8BC9CEB8-8B4A-11D0-8D11-00A0C91BC942}") = "uninstall", "uninstall.vcproj", "{3EDF1E9C-7834-4852-BE5B-6FBBA89EB226}"
	ProjectSection(ProjectDependencies) = postProject
		{C7BF9292-A6AE-4352-B205-206F38689BFB} = {C7BF9292-A6AE-4352-B205-206F38689BFB}
	EndProjectSection
EndProject
Global
	GlobalSection(SolutionConfigurationPlatforms) = preSolution
		Debug|Win32 = Debug|Win32
		Release|Win32 = Release|Win32
	EndGlobalSection
	GlobalSection(ProjectConfigurationPlatforms) = postSolution
		{AFFC3D3F-8975-40FB-8E9D-C80237F2649E}.Debug|Win32.ActiveCfg = Debug|Win32
		{AFFC3D3F-8975-40FB-8E9D-C80237F2649E}.Debug|Win32.Build.0 = Debug|Win32
		{AFFC3D3F-8975-40FB-8E9D-C80237F2649E}.Release|Win32.ActiveCfg = Release|Win32
		{AFFC3D3F-8975-40FB-8E9D-C80237F2649E}.Release|Win32.Build.0 = Release|Win32
		{6D2B8FB5-F427-42B2-AE0E-62AEEE6387CC}.Debug|Win32.ActiveCfg = Debug|Win32
		{6D2B8FB5-F427-42B2-AE0E-62AEEE6387CC}.Release|Win32.ActiveCfg = Release|Win32
		{501AEBE5-1E3B-4739-8B84-B80917320709}.Debug|Win32.ActiveCfg = Debug|Win32
		{501AEBE5-1E3B-4739-8B84-B80917320709}.Release|Win32.ActiveCfg = Release|Win32
		{C7BF9292-A6AE-4352-B205-206F38689BFB}.Debug|Win32.ActiveCfg = Debug|Win32
		{C7BF9292-A6AE-4352-B205-206F38689BFB}.Debug|Win32.Build.0 = Debug|Win32
		{C7BF9292-A6AE-4352-B205-206F38689BFB}.Release|Win32.ActiveCfg = Release|Win32
		{C7BF9292-A6AE-4352-B205-206F38689BFB}.Release|Win32.Build.0 = Release|Win32
		{5D9CC3C9-D1FD-47A4-B721-81C2E74E2693}.Debug|Win32.ActiveCfg = Debug|Win32
		{5D9CC3C9-D1FD-47A4-B721-81C2E74E2693}.Debug|Win32.Build.0 = Debug|Win32
		{5D9CC3C9-D1FD-47A4-B721-81C2E74E2693}.Release|Win32.ActiveCfg = Release|Win32
		{5D9CC3C9-D1FD-47A4-B721-81C2E74E2693}.Release|Win32.Build.0 = Release|Win32
		{98710912-8C5E-4910-8E6C-A195C091BBEC}.Debug|Win32.ActiveCfg = Debug|Win32
		{98710912-8C5E-4910-8E6C-A195C091BBEC}.Debug|Win32.Build.0 = Debug|Win32
		{98710912-8C5E-4910-8E6C-A195C091BBEC}.Release|Win32.ActiveCfg = Release|Win32
		{98710912-8C5E-4910-8E6C-A195C091BBEC}.Release|Win32.Build.0 = Release|Win32
		{2AD60DA8-1240-4E55-814F-0AEDC2931E45}.Debug|Win32.ActiveCfg = Debug|Win32
		{2AD60DA8-1240-4E55-814F-0AEDC2931E45}.Debug|Win32.Build.0 = Debug|Win32
		{2AD60DA8-1240-4E55-814F-0AEDC2931E45}.Release|Win32.ActiveCfg = Release|Win32
		{2AD60DA8-1240-4E55-814F-0AEDC2931E45}.Release|Win32.Build.0 = Release|Win32
		{77803306-C8E4-45B1-91CE-9FE033EA9919}.Debug|Win32.ActiveCfg = Debug|Win32
		{77803306-C8E4-45B1-91CE-9FE033EA9919}.Debug|Win32.Build.0 = Debug|Win32
		{77803306-C8E4-45B1-91CE-9FE033EA9919}.Release|Win32.ActiveCfg = Release|Win32
		{77803306-C8E4-45B1-91CE-9FE033EA9919}.Release|Win32.Build.0 = Release|Win32
		{2B849624-8DA3-44E5-9F41-BFD2418B85E0}.Debug|Win32.ActiveCfg = Debug|Win32
		{2B849624-8DA3-44E5-9F41-BFD2418B85E0}.Debug|Win32.Build.0 = Debug|Win32
		{2B849624-8DA3-44E5-9F41-BFD2418B85E0}.Release|Win32.ActiveCfg = Release|Win32
		{2B849624-8DA3-44E5-9F41-BFD2418B85E0}.Release|Win32.Build.0 = Release|Win32
		{A9966775-57D3-45E9-AEE4-7EA7A6CCCD9A}.Debug|Win32.ActiveCfg = Debug|Win32
		{A9966775-57D3-45E9-AEE4-7EA7A6CCCD9A}.Debug|Win32.Build.0 = Debug|Win32
		{A9966775-57D3-45E9-AEE4-7EA7A6CCCD9A}.Release|Win32.ActiveCfg = Release|Win32
		{A9966775-57D3-45E9-AEE4-7EA7A6CCCD9A}.Release|Win32.Build.0 = Release|Win32
		{C6CCA27C-3FD2-49DE-B856-B803C9241630}.Debug|Win32.ActiveCfg = Debug|Win32
		{C6CCA27C-3FD2-49DE-B856-B803C9241630}.Debug|Win32.Build.0 = Debug|Win32
		{C6CCA27C-3FD2-49DE-B856-B803C9241630}.Release|Win32.ActiveCfg = Release|Win32
		{C6CCA27C-3FD2-49DE-B856-B803C9241630}.Release|Win32.Build.0 = Release|Win32
		{FE9C928C-6C3C-4EC2-842E-E34695DECB0C}.Debug|Win32.ActiveCfg = Debug|Win32
		{FE9C928C-6C3C-4EC2-842E-E34695DECB0C}.Debug|Win32.Build.0 = Debug|Win32
		{FE9C928C-6C3C-4EC2-842E-E34695DECB0C}.Release|Win32.ActiveCfg = Release|Win32
		{FE9C928C-6C3C-4EC2-842E-E34695DECB0C}.Release|Win32.Build.0 = Release|Win32
		{8E11FC2D-1C48-42EB-A9DE-72CF5F5BFFF0}.Debug|Win32.ActiveCfg = Debug|Win32
		{8E11FC2D-1C48-42EB-A9DE-72CF5F5BFFF0}.Debug|Win32.Build.0 = Debug|Win32
		{8E11FC2D-1C48-42EB-A9DE-72CF5F5BFFF0}.Release|Win32.ActiveCfg = Release|Win32
		{8E11FC2D-1C48-42EB-A9DE-72CF5F5BFFF0}.Release|Win32.Build.0 = Release|Win32
		{F73DC6C4-19FC-4BD4-89F6-935B3D6EF2E5}.Debug|Win32.ActiveCfg = Debug|Win32
		{F73DC6C4-19FC-4BD4-89F6-935B3D6EF2E5}.Debug|Win32.Build.0 = Debug|Win32
		{F73DC6C4-19FC-4BD4-89F6-935B3D6EF2E5}.Release|Win32.ActiveCfg = Release|Win32
		{F73DC6C4-19FC-4BD4-89F6-935B3D6EF2E5}.Release|Win32.Build.0 = Release|Win32
		{38FDA610-C19C-4C15-9255-C9B887B601FC}.Debug|Win32.ActiveCfg = Debug|Win32
		{38FDA610-C19C-4C15-9255-C9B887B601FC}.Debug|Win32.Build.0 = Debug|Win32
		{38FDA610-C19C-4C15-9255-C9B887B601FC}.Release|Win32.ActiveCfg = Release|Win32
		{38FDA610-C19C-4C15-9255-C9B887B601FC}.Release|Win32.Build.0 = Release|Win32
		{20AAD9EC-5A44-405B-B950-080C23062736}.Debug|Win32.ActiveCfg = Debug|Win32
		{20AAD9EC-5A44-405B-B950-080C23062736}.Debug|Win32.Build.0 = Debug|Win32
		{20AAD9EC-5A44-405B-B950-080C23062736}.Release|Win32.ActiveCfg = Release|Win32
		{20AAD9EC-5A44-405B-B950-080C23062736}.Release|Win32.Build.0 = Release|Win32
		{648E5BF3-C787-4428-BEAD-BE1157D7D674}.Debug|Win32.ActiveCfg = Debug|Win32
		{648E5BF3-C787-4428-BEAD-BE1157D7D674}.Debug|Win32.Build.0 = Debug|Win32
		{648E5BF3-C787-4428-BEAD-BE1157D7D674}.Release|Win32.ActiveCfg = Release|Win32
		{648E5BF3-C787-4428-BEAD-BE1157D7D674}.Release|Win32.Build.0 = Release|Win32
		{7A7C10DA-12D5-439C-9CE1-7340FB2B0C00}.Debug|Win32.ActiveCfg = Debug|Win32
		{7A7C10DA-12D5-439C-9CE1-7340FB2B0C00}.Debug|Win32.Build.0 = Debug|Win32
		{7A7C10DA-12D5-439C-9CE1-7340FB2B0C00}.Release|Win32.ActiveCfg = Release|Win32
		{7A7C10DA-12D5-439C-9CE1-7340FB2B0C00}.Release|Win32.Build.0 = Release|Win32
		{6ABA2721-0CFF-4363-83C2-A91F8C19BE7B}.Debug|Win32.ActiveCfg = Debug|Win32
		{6ABA2721-0CFF-4363-83C2-A91F8C19BE7B}.Debug|Win32.Build.0 = Debug|Win32
		{6ABA2721-0CFF-4363-83C2-A91F8C19BE7B}.Release|Win32.ActiveCfg = Release|Win32
		{6ABA2721-0CFF-4363-83C2-A91F8C19BE7B}.Release|Win32.Build.0 = Release|Win32
		{0DD9A387-1C07-4396-9147-CB704DC5A619}.Debug|Win32.ActiveCfg = Debug|Win32
		{0DD9A387-1C07-4396-9147-CB704DC5A619}.Debug|Win32.Build.0 = Debug|Win32
		{0DD9A387-1C07-4396-9147-CB704DC5A619}.Release|Win32.ActiveCfg = Release|Win32
		{0DD9A387-1C07-4396-9147-CB704DC5A619}.Release|Win32.Build.0 = Release|Win32
		{3EDF1E9C-7834-4852-BE5B-6FBBA89EB226}.Debug|Win32.ActiveCfg = Debug|Win32
		{3EDF1E9C-7834-4852-BE5B-6FBBA89EB226}.Release|Win32.ActiveCfg = Release|Win32
	EndGlobalSection
	GlobalSection(ExtensibilityGlobals) = postSolution
	EndGlobalSection
	GlobalSection(ExtensibilityAddIns) = postSolution
	EndGlobalSection
EndGlobal
